{
  "version": 4,
  "terraform_version": "1.14.3",
  "serial": 70,
  "lineage": "24b9ba4a-edac-3a16-ecdd-2320d7d16d90",
  "outputs": {
    "count_dir_skipped": {
      "value": 1,
      "type": "number"
    },
    "count_variables_migrated": {
      "value": {
        "example/compute": {
          "count_variables_migrated": 4,
          "workspaces_ids": [
            "ws-sDvDhNXLtVQ73CwU",
            "ws-rWVv36CF3BmhCWK3"
          ],
          "workspaces_url": [
            "https://app.terraform.io/app/bikash-mainali/workspaces/compute_midhun_joy",
            "https://app.terraform.io/app/bikash-mainali/workspaces/example_compute_migration_testing_v2"
          ]
        },
        "example/storage": {
          "count_variables_migrated": 2,
          "workspaces_ids": [
            "ws-m8ecN4Rw3Lx98rWR"
          ],
          "workspaces_url": [
            "https://app.terraform.io/app/bikash-mainali/workspaces/example_storage_default"
          ]
        }
      },
      "type": [
        "object",
        {
          "example/compute": [
            "object",
            {
              "count_variables_migrated": "number",
              "workspaces_ids": [
                "tuple",
                [
                  "string",
                  "string"
                ]
              ],
              "workspaces_url": [
                "tuple",
                [
                  "string",
                  "string"
                ]
              ]
            }
          ],
          "example/storage": [
            "object",
            {
              "count_variables_migrated": "number",
              "workspaces_ids": [
                "tuple",
                [
                  "string"
                ]
              ],
              "workspaces_url": [
                "tuple",
                [
                  "string"
                ]
              ]
            }
          ]
        }
      ]
    },
    "list_of_new_project_ids": {
      "value": [
        "prj-vLDwoxM9zBrWYYZw",
        "prj-rG9avoJ78yWoSSEt"
      ],
      "type": [
        "tuple",
        [
          "string",
          "string"
        ]
      ]
    },
    "list_of_new_project_names": {
      "value": [
        "example_compute_v2",
        "example_storage"
      ],
      "type": [
        "tuple",
        [
          "string",
          "string"
        ]
      ]
    },
    "migration_pr_link": {
      "value": [],
      "type": [
        "tuple",
        []
      ]
    },
    "workspace_ids": {
      "value": {
        "example/compute": {
          "count_variables_migrated": 4,
          "workspaces_ids": [
            "ws-sDvDhNXLtVQ73CwU",
            "ws-rWVv36CF3BmhCWK3"
          ],
          "workspaces_url": [
            "https://app.terraform.io/app/bikash-mainali/workspaces/compute_midhun_joy",
            "https://app.terraform.io/app/bikash-mainali/workspaces/example_compute_migration_testing_v2"
          ]
        },
        "example/storage": {
          "count_variables_migrated": 2,
          "workspaces_ids": [
            "ws-m8ecN4Rw3Lx98rWR"
          ],
          "workspaces_url": [
            "https://app.terraform.io/app/bikash-mainali/workspaces/example_storage_default"
          ]
        }
      },
      "type": [
        "object",
        {
          "example/compute": [
            "object",
            {
              "count_variables_migrated": "number",
              "workspaces_ids": [
                "tuple",
                [
                  "string",
                  "string"
                ]
              ],
              "workspaces_url": [
                "tuple",
                [
                  "string",
                  "string"
                ]
              ]
            }
          ],
          "example/storage": [
            "object",
            {
              "count_variables_migrated": "number",
              "workspaces_ids": [
                "tuple",
                [
                  "string"
                ]
              ],
              "workspaces_url": [
                "tuple",
                [
                  "string"
                ]
              ]
            }
          ]
        }
      ]
    },
    "workspace_urls": {
      "value": {
        "example/compute": {
          "count_variables_migrated": 4,
          "workspaces_ids": [
            "ws-sDvDhNXLtVQ73CwU",
            "ws-rWVv36CF3BmhCWK3"
          ],
          "workspaces_url": [
            "https://app.terraform.io/app/bikash-mainali/workspaces/compute_midhun_joy",
            "https://app.terraform.io/app/bikash-mainali/workspaces/example_compute_migration_testing_v2"
          ]
        },
        "example/storage": {
          "count_variables_migrated": 2,
          "workspaces_ids": [
            "ws-m8ecN4Rw3Lx98rWR"
          ],
          "workspaces_url": [
            "https://app.terraform.io/app/bikash-mainali/workspaces/example_storage_default"
          ]
        }
      },
      "type": [
        "object",
        {
          "example/compute": [
            "object",
            {
              "count_variables_migrated": "number",
              "workspaces_ids": [
                "tuple",
                [
                  "string",
                  "string"
                ]
              ],
              "workspaces_url": [
                "tuple",
                [
                  "string",
                  "string"
                ]
              ]
            }
          ],
          "example/storage": [
            "object",
            {
              "count_variables_migrated": "number",
              "workspaces_ids": [
                "tuple",
                [
                  "string"
                ]
              ],
              "workspaces_url": [
                "tuple",
                [
                  "string"
                ]
              ]
            }
          ]
        }
      ]
    }
  },
  "resources": [
    {
      "mode": "managed",
      "type": "tfe_project",
      "name": "list_of_new_projects",
      "provider": "provider[\"registry.terraform.io/hashicorp/tfe\"]",
      "instances": [
        {
          "index_key": "example_compute_v2",
          "schema_version": 0,
          "attributes": {
            "auto_destroy_activity_duration": null,
            "description": "Created by Terrafrom Migrate from the Github Repository: ",
            "id": "prj-vLDwoxM9zBrWYYZw",
            "ignore_additional_tags": null,
            "name": "example_compute_v2",
            "organization": "bikash-mainali",
            "tags": {}
          },
          "sensitive_attributes": [],
          "identity_schema_version": 0,
          "identity": {
            "hostname": "app.terraform.io",
            "id": "prj-vLDwoxM9zBrWYYZw"
          }
        },
        {
          "index_key": "example_storage",
          "schema_version": 0,
          "attributes": {
            "auto_destroy_activity_duration": null,
            "description": "Created by Terrafrom Migrate from the Github Repository: ",
            "id": "prj-rG9avoJ78yWoSSEt",
            "ignore_additional_tags": null,
            "name": "example_storage",
            "organization": "bikash-mainali",
            "tags": {}
          },
          "sensitive_attributes": [],
          "identity_schema_version": 0,
          "identity": {
            "hostname": "app.terraform.io",
            "id": "prj-rG9avoJ78yWoSSEt"
          }
        }
      ]
    },
    {
      "module": "module.workspace_and_variables[\"example/compute\"]",
      "mode": "data",
      "type": "tfe_project",
      "name": "project",
      "provider": "provider[\"registry.terraform.io/hashicorp/tfe\"]",
      "instances": [
        {
          "schema_version": 0,
          "attributes": {
            "auto_destroy_activity_duration": null,
            "description": "Created by Terrafrom Migrate from the Github Repository: ",
            "effective_tags": {},
            "id": "prj-vLDwoxM9zBrWYYZw",
            "name": "example_compute_v2",
            "organization": "bikash-mainali",
            "workspace_ids": [
              "ws-rWVv36CF3BmhCWK3",
              "ws-sDvDhNXLtVQ73CwU"
            ],
            "workspace_names": [
              "compute_midhun_joy",
              "example_compute_migration_testing_v2"
            ]
          },
          "sensitive_attributes": [],
          "identity_schema_version": 0
        }
      ]
    },
    {
      "module": "module.workspace_and_variables[\"example/compute\"]",
      "mode": "managed",
      "type": "tfe_variable",
      "name": "variables",
      "provider": "provider[\"registry.terraform.io/hashicorp/tfe\"]",
      "instances": [
        {
          "index_key": "compute_midhun_joy.string_count_Bikash",
          "schema_version": 1,
          "attributes": {
            "category": "terraform",
            "description": "Number of strings to create by editing migration file",
            "hcl": false,
            "id": "var-GMwmyj2WL5QDQp1n",
            "key": "string_count_Bikash",
            "readable_value": null,
            "sensitive": true,
            "value": "12",
            "value_wo": null,
            "variable_set_id": null,
            "workspace_id": "ws-sDvDhNXLtVQ73CwU"
          },
          "sensitive_attributes": [
            [
              {
                "type": "get_attr",
                "value": "value"
              }
            ],
            [
              {
                "type": "get_attr",
                "value": "value_wo"
              }
            ]
          ],
          "identity_schema_version": 0,
          "identity": {
            "configurable_id": "ws-sDvDhNXLtVQ73CwU",
            "hostname": "app.terraform.io",
            "id": "var-GMwmyj2WL5QDQp1n"
          },
          "dependencies": [
            "module.workspace_and_variables.data.tfe_project.project",
            "module.workspace_and_variables.tfe_workspace.workspaces",
            "tfe_project.list_of_new_projects"
          ]
        },
        {
          "index_key": "compute_midhun_joy.string_length",
          "schema_version": 1,
          "attributes": {
            "category": "terraform",
            "description": "Length of each string",
            "hcl": false,
            "id": "var-66JWwD9NTrx2Nisi",
            "key": "string_length",
            "readable_value": "30",
            "sensitive": false,
            "value": "30",
            "value_wo": null,
            "variable_set_id": null,
            "workspace_id": "ws-sDvDhNXLtVQ73CwU"
          },
          "sensitive_attributes": [
            [
              {
                "type": "get_attr",
                "value": "value"
              }
            ],
            [
              {
                "type": "get_attr",
                "value": "value_wo"
              }
            ]
          ],
          "identity_schema_version": 0,
          "identity": {
            "configurable_id": "ws-sDvDhNXLtVQ73CwU",
            "hostname": "app.terraform.io",
            "id": "var-66JWwD9NTrx2Nisi"
          },
          "dependencies": [
            "module.workspace_and_variables.data.tfe_project.project",
            "module.workspace_and_variables.tfe_workspace.workspaces",
            "tfe_project.list_of_new_projects"
          ]
        },
        {
          "index_key": "example_compute_migration_testing_v2.string_count",
          "schema_version": 1,
          "attributes": {
            "category": "terraform",
            "description": "Number of strings to create",
            "hcl": false,
            "id": "var-BiKeLwdyp392vaN2",
            "key": "string_count",
            "readable_value": "3",
            "sensitive": false,
            "value": "3",
            "value_wo": null,
            "variable_set_id": null,
            "workspace_id": "ws-rWVv36CF3BmhCWK3"
          },
          "sensitive_attributes": [
            [
              {
                "type": "get_attr",
                "value": "value"
              }
            ],
            [
              {
                "type": "get_attr",
                "value": "value_wo"
              }
            ]
          ],
          "identity_schema_version": 0,
          "identity": {
            "configurable_id": "ws-rWVv36CF3BmhCWK3",
            "hostname": "app.terraform.io",
            "id": "var-BiKeLwdyp392vaN2"
          },
          "dependencies": [
            "module.workspace_and_variables.data.tfe_project.project",
            "module.workspace_and_variables.tfe_workspace.workspaces",
            "tfe_project.list_of_new_projects"
          ]
        },
        {
          "index_key": "example_compute_migration_testing_v2.string_length",
          "schema_version": 1,
          "attributes": {
            "category": "terraform",
            "description": "Length of each string",
            "hcl": false,
            "id": "var-4PJ2XpYbYALAZNNY",
            "key": "string_length",
            "readable_value": "32",
            "sensitive": false,
            "value": "32",
            "value_wo": null,
            "variable_set_id": null,
            "workspace_id": "ws-rWVv36CF3BmhCWK3"
          },
          "sensitive_attributes": [
            [
              {
                "type": "get_attr",
                "value": "value"
              }
            ],
            [
              {
                "type": "get_attr",
                "value": "value_wo"
              }
            ]
          ],
          "identity_schema_version": 0,
          "identity": {
            "configurable_id": "ws-rWVv36CF3BmhCWK3",
            "hostname": "app.terraform.io",
            "id": "var-4PJ2XpYbYALAZNNY"
          },
          "dependencies": [
            "module.workspace_and_variables.data.tfe_project.project",
            "module.workspace_and_variables.tfe_workspace.workspaces",
            "tfe_project.list_of_new_projects"
          ]
        }
      ]
    },
    {
      "module": "module.workspace_and_variables[\"example/compute\"]",
      "mode": "managed",
      "type": "tfe_workspace",
      "name": "workspaces",
      "provider": "provider[\"registry.terraform.io/hashicorp/tfe\"]",
      "instances": [
        {
          "index_key": "default",
          "schema_version": 1,
          "attributes": {
            "agent_pool_id": "",
            "allow_destroy_plan": true,
            "assessments_enabled": false,
            "auto_apply": false,
            "auto_apply_run_trigger": false,
            "auto_destroy_activity_duration": "",
            "auto_destroy_at": "",
            "description": "",
            "effective_tags": {},
            "execution_mode": "remote",
            "file_triggers_enabled": true,
            "force_delete": false,
            "global_remote_state": false,
            "html_url": "https://app.terraform.io/app/bikash-mainali/workspaces/compute_midhun_joy",
            "hyok_enabled": false,
            "id": "ws-sDvDhNXLtVQ73CwU",
            "ignore_additional_tag_names": null,
            "ignore_additional_tags": null,
            "inherits_project_auto_destroy": true,
            "name": "compute_midhun_joy",
            "operations": true,
            "organization": "bikash-mainali",
            "project_id": "prj-vLDwoxM9zBrWYYZw",
            "queue_all_runs": false,
            "remote_state_consumer_ids": [],
            "resource_count": 0,
            "source_name": "Tf-Migrate",
            "source_url": "https://github.com/hashicorp/tf-migrate",
            "speculative_enabled": true,
            "ssh_key_id": "",
            "structured_run_output_enabled": true,
            "tag_names": [
              "example_compute",
              "next_gen"
            ],
            "tags": {},
            "terraform_version": "1.14.3",
            "trigger_patterns": [],
            "trigger_prefixes": [],
            "vcs_repo": [],
            "working_directory": ""
          },
          "sensitive_attributes": [],
          "identity_schema_version": 0,
          "identity": {
            "hostname": "app.terraform.io",
            "id": "ws-sDvDhNXLtVQ73CwU"
          },
          "private": "eyJzY2hlbWFfdmVyc2lvbiI6IjEifQ==",
          "dependencies": [
            "module.workspace_and_variables.data.tfe_project.project",
            "tfe_project.list_of_new_projects"
          ]
        },
        {
          "index_key": "migration-testing",
          "schema_version": 1,
          "attributes": {
            "agent_pool_id": "",
            "allow_destroy_plan": true,
            "assessments_enabled": false,
            "auto_apply": false,
            "auto_apply_run_trigger": false,
            "auto_destroy_activity_duration": "",
            "auto_destroy_at": "",
            "description": "",
            "effective_tags": {},
            "execution_mode": "remote",
            "file_triggers_enabled": true,
            "force_delete": false,
            "global_remote_state": false,
            "html_url": "https://app.terraform.io/app/bikash-mainali/workspaces/example_compute_migration_testing_v2",
            "hyok_enabled": false,
            "id": "ws-rWVv36CF3BmhCWK3",
            "ignore_additional_tag_names": null,
            "ignore_additional_tags": null,
            "inherits_project_auto_destroy": true,
            "name": "example_compute_migration_testing_v2",
            "operations": true,
            "organization": "bikash-mainali",
            "project_id": "prj-vLDwoxM9zBrWYYZw",
            "queue_all_runs": false,
            "remote_state_consumer_ids": [],
            "resource_count": 0,
            "source_name": "Tf-Migrate",
            "source_url": "https://github.com/hashicorp/tf-migrate",
            "speculative_enabled": true,
            "ssh_key_id": "",
            "structured_run_output_enabled": true,
            "tag_names": [
              "example_compute",
              "next_gen"
            ],
            "tags": {},
            "terraform_version": "1.14.3",
            "trigger_patterns": [],
            "trigger_prefixes": [],
            "vcs_repo": [],
            "working_directory": ""
          },
          "sensitive_attributes": [],
          "identity_schema_version": 0,
          "identity": {
            "hostname": "app.terraform.io",
            "id": "ws-rWVv36CF3BmhCWK3"
          },
          "private": "eyJzY2hlbWFfdmVyc2lvbiI6IjEifQ==",
          "dependencies": [
            "module.workspace_and_variables.data.tfe_project.project",
            "tfe_project.list_of_new_projects"
          ]
        }
      ]
    },
    {
      "module": "module.workspace_and_variables[\"example/compute\"]",
      "mode": "managed",
      "type": "tfmigrate_state_migration",
      "name": "state-migration",
      "provider": "provider[\"registry.terraform.io/hashicorp/tfmigrate\"]",
      "instances": [
        {
          "index_key": "default",
          "schema_version": 0,
          "attributes": {
            "directory_path": "/Users/bikash/terraform/learn-terraform-migrate/example/compute",
            "local_workspace": "default",
            "org": "bikash-mainali",
            "tfc_workspace": "compute_midhun_joy"
          },
          "sensitive_attributes": [],
          "identity_schema_version": 0,
          "dependencies": [
            "module.workspace_and_variables.data.tfe_project.project",
            "module.workspace_and_variables.tfe_workspace.workspaces",
            "module.workspace_and_variables.tfmigrate_terraform_init.terraform_init",
            "tfe_project.list_of_new_projects"
          ]
        },
        {
          "index_key": "migration-testing",
          "schema_version": 0,
          "attributes": {
            "directory_path": "/Users/bikash/terraform/learn-terraform-migrate/example/compute",
            "local_workspace": "migration-testing",
            "org": "bikash-mainali",
            "tfc_workspace": "example_compute_migration_testing_v2"
          },
          "sensitive_attributes": [],
          "identity_schema_version": 0,
          "dependencies": [
            "module.workspace_and_variables.data.tfe_project.project",
            "module.workspace_and_variables.tfe_workspace.workspaces",
            "module.workspace_and_variables.tfmigrate_terraform_init.terraform_init",
            "tfe_project.list_of_new_projects"
          ]
        }
      ]
    },
    {
      "module": "module.workspace_and_variables[\"example/compute\"]",
      "mode": "managed",
      "type": "tfmigrate_terraform_init",
      "name": "terraform_init",
      "provider": "provider[\"registry.terraform.io/hashicorp/tfmigrate\"]",
      "instances": [
        {
          "schema_version": 0,
          "attributes": {
            "directory_path": "/Users/bikash/terraform/learn-terraform-migrate/example/compute",
            "summary": "Terraform Init Completed."
          },
          "sensitive_attributes": [],
          "identity_schema_version": 0,
          "dependencies": [
            "module.workspace_and_variables.data.tfe_project.project",
            "module.workspace_and_variables.tfe_workspace.workspaces",
            "tfe_project.list_of_new_projects"
          ]
        }
      ]
    },
    {
      "module": "module.workspace_and_variables[\"example/compute\"]",
      "mode": "managed",
      "type": "tfmigrate_update_backend",
      "name": "update-backend",
      "provider": "provider[\"registry.terraform.io/hashicorp/tfmigrate\"]",
      "instances": [
        {
          "schema_version": 0,
          "attributes": {
            "backend_file_name": "main.tf",
            "directory_path": "/Users/bikash/terraform/learn-terraform-migrate/example/compute",
            "org": "bikash-mainali",
            "project": "example_compute_v2",
            "tags": [
              "example_compute",
              "next_gen"
            ],
            "workspace_map": {
              "default": "compute_midhun_joy",
              "migration-testing": "example_compute_migration_testing_v2"
            }
          },
          "sensitive_attributes": [],
          "identity_schema_version": 0,
          "dependencies": [
            "module.workspace_and_variables.data.tfe_project.project",
            "module.workspace_and_variables.tfe_workspace.workspaces",
            "module.workspace_and_variables.tfmigrate_state_migration.state-migration",
            "module.workspace_and_variables.tfmigrate_terraform_init.terraform_init",
            "tfe_project.list_of_new_projects"
          ]
        }
      ]
    },
    {
      "module": "module.workspace_and_variables[\"example/storage\"]",
      "mode": "data",
      "type": "tfe_project",
      "name": "project",
      "provider": "provider[\"registry.terraform.io/hashicorp/tfe\"]",
      "instances": [
        {
          "schema_version": 0,
          "attributes": {
            "auto_destroy_activity_duration": null,
            "description": "Created by Terrafrom Migrate from the Github Repository: ",
            "effective_tags": {},
            "id": "prj-rG9avoJ78yWoSSEt",
            "name": "example_storage",
            "organization": "bikash-mainali",
            "workspace_ids": [
              "ws-m8ecN4Rw3Lx98rWR"
            ],
            "workspace_names": [
              "example_storage_default"
            ]
          },
          "sensitive_attributes": [],
          "identity_schema_version": 0
        }
      ]
    },
    {
      "module": "module.workspace_and_variables[\"example/storage\"]",
      "mode": "managed",
      "type": "tfe_variable",
      "name": "variables",
      "provider": "provider[\"registry.terraform.io/hashicorp/tfe\"]",
      "instances": [
        {
          "index_key": "example_storage_default.string_count",
          "schema_version": 1,
          "attributes": {
            "category": "terraform",
            "description": "Number of strings to create",
            "hcl": false,
            "id": "var-oqNptpzLkGneY8iY",
            "key": "string_count",
            "readable_value": "3",
            "sensitive": false,
            "value": "3",
            "value_wo": null,
            "variable_set_id": null,
            "workspace_id": "ws-m8ecN4Rw3Lx98rWR"
          },
          "sensitive_attributes": [
            [
              {
                "type": "get_attr",
                "value": "value"
              }
            ],
            [
              {
                "type": "get_attr",
                "value": "value_wo"
              }
            ]
          ],
          "identity_schema_version": 0,
          "identity": {
            "configurable_id": "ws-m8ecN4Rw3Lx98rWR",
            "hostname": "app.terraform.io",
            "id": "var-oqNptpzLkGneY8iY"
          },
          "dependencies": [
            "module.workspace_and_variables.data.tfe_project.project",
            "module.workspace_and_variables.tfe_workspace.workspaces",
            "tfe_project.list_of_new_projects"
          ]
        },
        {
          "index_key": "example_storage_default.string_length",
          "schema_version": 1,
          "attributes": {
            "category": "terraform",
            "description": "Length of each string",
            "hcl": false,
            "id": "var-unxcq7utdxQpWBMB",
            "key": "string_length",
            "readable_value": "32",
            "sensitive": false,
            "value": "32",
            "value_wo": null,
            "variable_set_id": null,
            "workspace_id": "ws-m8ecN4Rw3Lx98rWR"
          },
          "sensitive_attributes": [
            [
              {
                "type": "get_attr",
                "value": "value"
              }
            ],
            [
              {
                "type": "get_attr",
                "value": "value_wo"
              }
            ]
          ],
          "identity_schema_version": 0,
          "identity": {
            "configurable_id": "ws-m8ecN4Rw3Lx98rWR",
            "hostname": "app.terraform.io",
            "id": "var-unxcq7utdxQpWBMB"
          },
          "dependencies": [
            "module.workspace_and_variables.data.tfe_project.project",
            "module.workspace_and_variables.tfe_workspace.workspaces",
            "tfe_project.list_of_new_projects"
          ]
        }
      ]
    },
    {
      "module": "module.workspace_and_variables[\"example/storage\"]",
      "mode": "managed",
      "type": "tfe_workspace",
      "name": "workspaces",
      "provider": "provider[\"registry.terraform.io/hashicorp/tfe\"]",
      "instances": [
        {
          "index_key": "default",
          "schema_version": 1,
          "attributes": {
            "agent_pool_id": "",
            "allow_destroy_plan": true,
            "assessments_enabled": false,
            "auto_apply": false,
            "auto_apply_run_trigger": false,
            "auto_destroy_activity_duration": "",
            "auto_destroy_at": "",
            "description": "",
            "effective_tags": {},
            "execution_mode": "remote",
            "file_triggers_enabled": true,
            "force_delete": false,
            "global_remote_state": false,
            "html_url": "https://app.terraform.io/app/bikash-mainali/workspaces/example_storage_default",
            "hyok_enabled": false,
            "id": "ws-m8ecN4Rw3Lx98rWR",
            "ignore_additional_tag_names": null,
            "ignore_additional_tags": null,
            "inherits_project_auto_destroy": true,
            "name": "example_storage_default",
            "operations": true,
            "organization": "bikash-mainali",
            "project_id": "prj-rG9avoJ78yWoSSEt",
            "queue_all_runs": false,
            "remote_state_consumer_ids": [],
            "resource_count": 0,
            "source_name": "Tf-Migrate",
            "source_url": "https://github.com/hashicorp/tf-migrate",
            "speculative_enabled": true,
            "ssh_key_id": "",
            "structured_run_output_enabled": true,
            "tag_names": [
              "example_storage"
            ],
            "tags": {},
            "terraform_version": "1.14.3",
            "trigger_patterns": [],
            "trigger_prefixes": [],
            "vcs_repo": [],
            "working_directory": ""
          },
          "sensitive_attributes": [],
          "identity_schema_version": 0,
          "identity": {
            "hostname": "app.terraform.io",
            "id": "ws-m8ecN4Rw3Lx98rWR"
          },
          "private": "eyJzY2hlbWFfdmVyc2lvbiI6IjEifQ==",
          "dependencies": [
            "module.workspace_and_variables.data.tfe_project.project",
            "tfe_project.list_of_new_projects"
          ]
        }
      ]
    },
    {
      "module": "module.workspace_and_variables[\"example/storage\"]",
      "mode": "managed",
      "type": "tfmigrate_state_migration",
      "name": "state-migration",
      "provider": "provider[\"registry.terraform.io/hashicorp/tfmigrate\"]",
      "instances": [
        {
          "index_key": "default",
          "schema_version": 0,
          "attributes": {
            "directory_path": "/Users/bikash/terraform/learn-terraform-migrate/example/storage",
            "local_workspace": "default",
            "org": "bikash-mainali",
            "tfc_workspace": "example_storage_default"
          },
          "sensitive_attributes": [],
          "identity_schema_version": 0,
          "dependencies": [
            "module.workspace_and_variables.data.tfe_project.project",
            "module.workspace_and_variables.tfe_workspace.workspaces",
            "module.workspace_and_variables.tfmigrate_terraform_init.terraform_init",
            "tfe_project.list_of_new_projects"
          ]
        }
      ]
    },
    {
      "module": "module.workspace_and_variables[\"example/storage\"]",
      "mode": "managed",
      "type": "tfmigrate_terraform_init",
      "name": "terraform_init",
      "provider": "provider[\"registry.terraform.io/hashicorp/tfmigrate\"]",
      "instances": [
        {
          "schema_version": 0,
          "attributes": {
            "directory_path": "/Users/bikash/terraform/learn-terraform-migrate/example/storage",
            "summary": "Terraform Init Completed."
          },
          "sensitive_attributes": [],
          "identity_schema_version": 0,
          "dependencies": [
            "module.workspace_and_variables.data.tfe_project.project",
            "module.workspace_and_variables.tfe_workspace.workspaces",
            "tfe_project.list_of_new_projects"
          ]
        }
      ]
    },
    {
      "module": "module.workspace_and_variables[\"example/storage\"]",
      "mode": "managed",
      "type": "tfmigrate_update_backend",
      "name": "update-backend",
      "provider": "provider[\"registry.terraform.io/hashicorp/tfmigrate\"]",
      "instances": [
        {
          "schema_version": 0,
          "attributes": {
            "backend_file_name": "main.tf",
            "directory_path": "/Users/bikash/terraform/learn-terraform-migrate/example/storage",
            "org": "bikash-mainali",
            "project": "example_storage",
            "tags": [
              "example_storage"
            ],
            "workspace_map": {
              "default": "example_storage_default"
            }
          },
          "sensitive_attributes": [],
          "identity_schema_version": 0,
          "dependencies": [
            "module.workspace_and_variables.data.tfe_project.project",
            "module.workspace_and_variables.tfe_workspace.workspaces",
            "module.workspace_and_variables.tfmigrate_state_migration.state-migration",
            "module.workspace_and_variables.tfmigrate_terraform_init.terraform_init",
            "tfe_project.list_of_new_projects"
          ]
        }
      ]
    }
  ],
  "check_results": null
}
