{
  "version": 4,
  "terraform_version": "1.14.3",
  "serial": 32,
  "lineage": "24b9ba4a-edac-3a16-ecdd-2320d7d16d90",
  "outputs": {
    "count_dir_skipped": {
      "value": 1,
      "type": "number"
    },
    "count_variables_migrated": {
      "value": {
        "example/compute": {
          "count_variables_migrated": 4,
          "workspaces_ids": [
            "ws-SESELDNY15QDxm3u",
            "ws-H4oZirs2aYyqMh3a"
          ],
          "workspaces_url": [
            "https://app.terraform.io/app/bikash-mainali/workspaces/compute_my_workspace_bikash",
            "https://app.terraform.io/app/bikash-mainali/workspaces/example_compute_migration_testing"
          ]
        },
        "example/storage": {
          "count_variables_migrated": 2,
          "workspaces_ids": [
            "ws-RLGMbffrrf3VFGiz"
          ],
          "workspaces_url": [
            "https://app.terraform.io/app/bikash-mainali/workspaces/example_storage_default"
          ]
        }
      },
      "type": [
        "object",
        {
          "example/compute": [
            "object",
            {
              "count_variables_migrated": "number",
              "workspaces_ids": [
                "tuple",
                [
                  "string",
                  "string"
                ]
              ],
              "workspaces_url": [
                "tuple",
                [
                  "string",
                  "string"
                ]
              ]
            }
          ],
          "example/storage": [
            "object",
            {
              "count_variables_migrated": "number",
              "workspaces_ids": [
                "tuple",
                [
                  "string"
                ]
              ],
              "workspaces_url": [
                "tuple",
                [
                  "string"
                ]
              ]
            }
          ]
        }
      ]
    },
    "list_of_new_project_ids": {
      "value": [
        "prj-mr2TsTPNcZXxeCbj",
        "prj-KXJdnsGSuUA9vkoA"
      ],
      "type": [
        "tuple",
        [
          "string",
          "string"
        ]
      ]
    },
    "list_of_new_project_names": {
      "value": [
        "example_compute",
        "example_storage"
      ],
      "type": [
        "tuple",
        [
          "string",
          "string"
        ]
      ]
    },
    "migration_pr_link": {
      "value": [],
      "type": [
        "tuple",
        []
      ]
    },
    "workspace_ids": {
      "value": {
        "example/compute": {
          "count_variables_migrated": 4,
          "workspaces_ids": [
            "ws-SESELDNY15QDxm3u",
            "ws-H4oZirs2aYyqMh3a"
          ],
          "workspaces_url": [
            "https://app.terraform.io/app/bikash-mainali/workspaces/compute_my_workspace_bikash",
            "https://app.terraform.io/app/bikash-mainali/workspaces/example_compute_migration_testing"
          ]
        },
        "example/storage": {
          "count_variables_migrated": 2,
          "workspaces_ids": [
            "ws-RLGMbffrrf3VFGiz"
          ],
          "workspaces_url": [
            "https://app.terraform.io/app/bikash-mainali/workspaces/example_storage_default"
          ]
        }
      },
      "type": [
        "object",
        {
          "example/compute": [
            "object",
            {
              "count_variables_migrated": "number",
              "workspaces_ids": [
                "tuple",
                [
                  "string",
                  "string"
                ]
              ],
              "workspaces_url": [
                "tuple",
                [
                  "string",
                  "string"
                ]
              ]
            }
          ],
          "example/storage": [
            "object",
            {
              "count_variables_migrated": "number",
              "workspaces_ids": [
                "tuple",
                [
                  "string"
                ]
              ],
              "workspaces_url": [
                "tuple",
                [
                  "string"
                ]
              ]
            }
          ]
        }
      ]
    },
    "workspace_urls": {
      "value": {
        "example/compute": {
          "count_variables_migrated": 4,
          "workspaces_ids": [
            "ws-SESELDNY15QDxm3u",
            "ws-H4oZirs2aYyqMh3a"
          ],
          "workspaces_url": [
            "https://app.terraform.io/app/bikash-mainali/workspaces/compute_my_workspace_bikash",
            "https://app.terraform.io/app/bikash-mainali/workspaces/example_compute_migration_testing"
          ]
        },
        "example/storage": {
          "count_variables_migrated": 2,
          "workspaces_ids": [
            "ws-RLGMbffrrf3VFGiz"
          ],
          "workspaces_url": [
            "https://app.terraform.io/app/bikash-mainali/workspaces/example_storage_default"
          ]
        }
      },
      "type": [
        "object",
        {
          "example/compute": [
            "object",
            {
              "count_variables_migrated": "number",
              "workspaces_ids": [
                "tuple",
                [
                  "string",
                  "string"
                ]
              ],
              "workspaces_url": [
                "tuple",
                [
                  "string",
                  "string"
                ]
              ]
            }
          ],
          "example/storage": [
            "object",
            {
              "count_variables_migrated": "number",
              "workspaces_ids": [
                "tuple",
                [
                  "string"
                ]
              ],
              "workspaces_url": [
                "tuple",
                [
                  "string"
                ]
              ]
            }
          ]
        }
      ]
    }
  },
  "resources": [
    {
      "mode": "managed",
      "type": "tfe_project",
      "name": "list_of_new_projects",
      "provider": "provider[\"registry.terraform.io/hashicorp/tfe\"]",
      "instances": [
        {
          "index_key": "example_compute",
          "schema_version": 0,
          "attributes": {
            "auto_destroy_activity_duration": null,
            "description": "Created by Terrafrom Migrate from the Github Repository: ",
            "id": "prj-mr2TsTPNcZXxeCbj",
            "ignore_additional_tags": null,
            "name": "example_compute",
            "organization": "bikash-mainali",
            "tags": {}
          },
          "sensitive_attributes": [],
          "identity_schema_version": 0,
          "identity": {
            "hostname": "app.terraform.io",
            "id": "prj-mr2TsTPNcZXxeCbj"
          }
        },
        {
          "index_key": "example_storage",
          "schema_version": 0,
          "attributes": {
            "auto_destroy_activity_duration": null,
            "description": "Created by Terrafrom Migrate from the Github Repository: ",
            "id": "prj-KXJdnsGSuUA9vkoA",
            "ignore_additional_tags": null,
            "name": "example_storage",
            "organization": "bikash-mainali",
            "tags": {}
          },
          "sensitive_attributes": [],
          "identity_schema_version": 0,
          "identity": {
            "hostname": "app.terraform.io",
            "id": "prj-KXJdnsGSuUA9vkoA"
          }
        }
      ]
    },
    {
      "module": "module.workspace_and_variables[\"example/compute\"]",
      "mode": "data",
      "type": "tfe_project",
      "name": "project",
      "provider": "provider[\"registry.terraform.io/hashicorp/tfe\"]",
      "instances": [
        {
          "schema_version": 0,
          "attributes": {
            "auto_destroy_activity_duration": null,
            "description": "Created by Terrafrom Migrate from the Github Repository: ",
            "effective_tags": {},
            "id": "prj-mr2TsTPNcZXxeCbj",
            "name": "example_compute",
            "organization": "bikash-mainali",
            "workspace_ids": [
              "ws-H4oZirs2aYyqMh3a",
              "ws-SESELDNY15QDxm3u"
            ],
            "workspace_names": [
              "compute_my_workspace_bikash",
              "example_compute_migration_testing"
            ]
          },
          "sensitive_attributes": [],
          "identity_schema_version": 0
        }
      ]
    },
    {
      "module": "module.workspace_and_variables[\"example/compute\"]",
      "mode": "managed",
      "type": "tfe_variable",
      "name": "variables",
      "provider": "provider[\"registry.terraform.io/hashicorp/tfe\"]",
      "instances": [
        {
          "index_key": "compute_my_workspace_bikash.string_count",
          "schema_version": 1,
          "attributes": {
            "category": "terraform",
            "description": "Number of strings to create",
            "hcl": false,
            "id": "var-gmvHauQLewJEWhHL",
            "key": "string_count",
            "readable_value": "10",
            "sensitive": false,
            "value": "10",
            "value_wo": null,
            "variable_set_id": null,
            "workspace_id": "ws-SESELDNY15QDxm3u"
          },
          "sensitive_attributes": [
            [
              {
                "type": "get_attr",
                "value": "value"
              }
            ],
            [
              {
                "type": "get_attr",
                "value": "value_wo"
              }
            ]
          ],
          "identity_schema_version": 0,
          "identity": {
            "configurable_id": "ws-SESELDNY15QDxm3u",
            "hostname": "app.terraform.io",
            "id": "var-gmvHauQLewJEWhHL"
          },
          "dependencies": [
            "module.workspace_and_variables.data.tfe_project.project",
            "module.workspace_and_variables.tfe_workspace.workspaces",
            "tfe_project.list_of_new_projects"
          ]
        },
        {
          "index_key": "compute_my_workspace_bikash.string_length",
          "schema_version": 1,
          "attributes": {
            "category": "terraform",
            "description": "Length of each string",
            "hcl": false,
            "id": "var-6vh55xAfMiEEMPrs",
            "key": "string_length",
            "readable_value": "30",
            "sensitive": false,
            "value": "30",
            "value_wo": null,
            "variable_set_id": null,
            "workspace_id": "ws-SESELDNY15QDxm3u"
          },
          "sensitive_attributes": [
            [
              {
                "type": "get_attr",
                "value": "value"
              }
            ],
            [
              {
                "type": "get_attr",
                "value": "value_wo"
              }
            ]
          ],
          "identity_schema_version": 0,
          "identity": {
            "configurable_id": "ws-SESELDNY15QDxm3u",
            "hostname": "app.terraform.io",
            "id": "var-6vh55xAfMiEEMPrs"
          },
          "dependencies": [
            "module.workspace_and_variables.data.tfe_project.project",
            "module.workspace_and_variables.tfe_workspace.workspaces",
            "tfe_project.list_of_new_projects"
          ]
        },
        {
          "index_key": "example_compute_migration_testing.string_count",
          "schema_version": 1,
          "attributes": {
            "category": "terraform",
            "description": "Number of strings to create",
            "hcl": false,
            "id": "var-2Xnn3fioGzDyhh9K",
            "key": "string_count",
            "readable_value": "3",
            "sensitive": false,
            "value": "3",
            "value_wo": null,
            "variable_set_id": null,
            "workspace_id": "ws-H4oZirs2aYyqMh3a"
          },
          "sensitive_attributes": [
            [
              {
                "type": "get_attr",
                "value": "value"
              }
            ],
            [
              {
                "type": "get_attr",
                "value": "value_wo"
              }
            ]
          ],
          "identity_schema_version": 0,
          "identity": {
            "configurable_id": "ws-H4oZirs2aYyqMh3a",
            "hostname": "app.terraform.io",
            "id": "var-2Xnn3fioGzDyhh9K"
          },
          "dependencies": [
            "module.workspace_and_variables.data.tfe_project.project",
            "module.workspace_and_variables.tfe_workspace.workspaces",
            "tfe_project.list_of_new_projects"
          ]
        },
        {
          "index_key": "example_compute_migration_testing.string_length",
          "schema_version": 1,
          "attributes": {
            "category": "terraform",
            "description": "Length of each string",
            "hcl": false,
            "id": "var-rWXhP65w44qrtocG",
            "key": "string_length",
            "readable_value": "32",
            "sensitive": false,
            "value": "32",
            "value_wo": null,
            "variable_set_id": null,
            "workspace_id": "ws-H4oZirs2aYyqMh3a"
          },
          "sensitive_attributes": [
            [
              {
                "type": "get_attr",
                "value": "value"
              }
            ],
            [
              {
                "type": "get_attr",
                "value": "value_wo"
              }
            ]
          ],
          "identity_schema_version": 0,
          "identity": {
            "configurable_id": "ws-H4oZirs2aYyqMh3a",
            "hostname": "app.terraform.io",
            "id": "var-rWXhP65w44qrtocG"
          },
          "dependencies": [
            "module.workspace_and_variables.data.tfe_project.project",
            "module.workspace_and_variables.tfe_workspace.workspaces",
            "tfe_project.list_of_new_projects"
          ]
        }
      ]
    },
    {
      "module": "module.workspace_and_variables[\"example/compute\"]",
      "mode": "managed",
      "type": "tfe_workspace",
      "name": "workspaces",
      "provider": "provider[\"registry.terraform.io/hashicorp/tfe\"]",
      "instances": [
        {
          "index_key": "default",
          "schema_version": 1,
          "attributes": {
            "agent_pool_id": "",
            "allow_destroy_plan": true,
            "assessments_enabled": false,
            "auto_apply": false,
            "auto_apply_run_trigger": false,
            "auto_destroy_activity_duration": "",
            "auto_destroy_at": "",
            "description": "",
            "effective_tags": {},
            "execution_mode": "remote",
            "file_triggers_enabled": true,
            "force_delete": false,
            "global_remote_state": false,
            "html_url": "https://app.terraform.io/app/bikash-mainali/workspaces/compute_my_workspace_bikash",
            "hyok_enabled": false,
            "id": "ws-SESELDNY15QDxm3u",
            "ignore_additional_tag_names": null,
            "ignore_additional_tags": null,
            "inherits_project_auto_destroy": true,
            "name": "compute_my_workspace_bikash",
            "operations": true,
            "organization": "bikash-mainali",
            "project_id": "prj-mr2TsTPNcZXxeCbj",
            "queue_all_runs": false,
            "remote_state_consumer_ids": [],
            "resource_count": 3,
            "source_name": "Tf-Migrate",
            "source_url": "https://github.com/hashicorp/tf-migrate",
            "speculative_enabled": true,
            "ssh_key_id": "",
            "structured_run_output_enabled": true,
            "tag_names": [
              "example_compute"
            ],
            "tags": {},
            "terraform_version": "1.14.3",
            "trigger_patterns": [],
            "trigger_prefixes": [],
            "vcs_repo": [],
            "working_directory": ""
          },
          "sensitive_attributes": [],
          "identity_schema_version": 0,
          "identity": {
            "hostname": "app.terraform.io",
            "id": "ws-SESELDNY15QDxm3u"
          },
          "private": "eyJzY2hlbWFfdmVyc2lvbiI6IjEifQ==",
          "dependencies": [
            "module.workspace_and_variables.data.tfe_project.project",
            "tfe_project.list_of_new_projects"
          ]
        },
        {
          "index_key": "migration-testing",
          "schema_version": 1,
          "attributes": {
            "agent_pool_id": "",
            "allow_destroy_plan": true,
            "assessments_enabled": false,
            "auto_apply": false,
            "auto_apply_run_trigger": false,
            "auto_destroy_activity_duration": "",
            "auto_destroy_at": "",
            "description": "",
            "effective_tags": {},
            "execution_mode": "remote",
            "file_triggers_enabled": true,
            "force_delete": false,
            "global_remote_state": false,
            "html_url": "https://app.terraform.io/app/bikash-mainali/workspaces/example_compute_migration_testing",
            "hyok_enabled": false,
            "id": "ws-H4oZirs2aYyqMh3a",
            "ignore_additional_tag_names": null,
            "ignore_additional_tags": null,
            "inherits_project_auto_destroy": true,
            "name": "example_compute_migration_testing",
            "operations": true,
            "organization": "bikash-mainali",
            "project_id": "prj-mr2TsTPNcZXxeCbj",
            "queue_all_runs": false,
            "remote_state_consumer_ids": [],
            "resource_count": 3,
            "source_name": "Tf-Migrate",
            "source_url": "https://github.com/hashicorp/tf-migrate",
            "speculative_enabled": true,
            "ssh_key_id": "",
            "structured_run_output_enabled": true,
            "tag_names": [
              "example_compute"
            ],
            "tags": {},
            "terraform_version": "1.14.3",
            "trigger_patterns": [],
            "trigger_prefixes": [],
            "vcs_repo": [],
            "working_directory": ""
          },
          "sensitive_attributes": [],
          "identity_schema_version": 0,
          "identity": {
            "hostname": "app.terraform.io",
            "id": "ws-H4oZirs2aYyqMh3a"
          },
          "private": "eyJzY2hlbWFfdmVyc2lvbiI6IjEifQ==",
          "dependencies": [
            "module.workspace_and_variables.data.tfe_project.project",
            "tfe_project.list_of_new_projects"
          ]
        }
      ]
    },
    {
      "module": "module.workspace_and_variables[\"example/compute\"]",
      "mode": "managed",
      "type": "tfmigrate_state_migration",
      "name": "state-migration",
      "provider": "provider[\"registry.terraform.io/hashicorp/tfmigrate\"]",
      "instances": [
        {
          "index_key": "default",
          "schema_version": 0,
          "attributes": {
            "directory_path": "/Users/bikash/terraform/learn-terraform-migrate/example/compute",
            "local_workspace": "default",
            "org": "bikash-mainali",
            "tfc_workspace": "compute_my_workspace_bikash"
          },
          "sensitive_attributes": [],
          "identity_schema_version": 0,
          "dependencies": [
            "module.workspace_and_variables.data.tfe_project.project",
            "module.workspace_and_variables.tfe_workspace.workspaces",
            "module.workspace_and_variables.tfmigrate_terraform_init.terraform_init",
            "tfe_project.list_of_new_projects"
          ]
        },
        {
          "index_key": "migration-testing",
          "schema_version": 0,
          "attributes": {
            "directory_path": "/Users/bikash/terraform/learn-terraform-migrate/example/compute",
            "local_workspace": "migration-testing",
            "org": "bikash-mainali",
            "tfc_workspace": "example_compute_migration_testing"
          },
          "sensitive_attributes": [],
          "identity_schema_version": 0,
          "dependencies": [
            "module.workspace_and_variables.data.tfe_project.project",
            "module.workspace_and_variables.tfe_workspace.workspaces",
            "module.workspace_and_variables.tfmigrate_terraform_init.terraform_init",
            "tfe_project.list_of_new_projects"
          ]
        }
      ]
    },
    {
      "module": "module.workspace_and_variables[\"example/compute\"]",
      "mode": "managed",
      "type": "tfmigrate_terraform_init",
      "name": "terraform_init",
      "provider": "provider[\"registry.terraform.io/hashicorp/tfmigrate\"]",
      "instances": [
        {
          "schema_version": 0,
          "attributes": {
            "directory_path": "/Users/bikash/terraform/learn-terraform-migrate/example/compute",
            "summary": "Terraform Init Completed."
          },
          "sensitive_attributes": [],
          "identity_schema_version": 0,
          "dependencies": [
            "module.workspace_and_variables.data.tfe_project.project",
            "module.workspace_and_variables.tfe_workspace.workspaces",
            "tfe_project.list_of_new_projects"
          ]
        }
      ]
    },
    {
      "module": "module.workspace_and_variables[\"example/compute\"]",
      "mode": "managed",
      "type": "tfmigrate_update_backend",
      "name": "update-backend",
      "provider": "provider[\"registry.terraform.io/hashicorp/tfmigrate\"]",
      "instances": [
        {
          "schema_version": 0,
          "attributes": {
            "backend_file_name": "main.tf",
            "directory_path": "/Users/bikash/terraform/learn-terraform-migrate/example/compute",
            "org": "bikash-mainali",
            "project": "example_compute",
            "tags": [
              "example_compute"
            ],
            "workspace_map": {
              "default": "compute_my_workspace_bikash",
              "migration-testing": "example_compute_migration_testing"
            }
          },
          "sensitive_attributes": [],
          "identity_schema_version": 0,
          "dependencies": [
            "module.workspace_and_variables.data.tfe_project.project",
            "module.workspace_and_variables.tfe_workspace.workspaces",
            "module.workspace_and_variables.tfmigrate_state_migration.state-migration",
            "module.workspace_and_variables.tfmigrate_terraform_init.terraform_init",
            "tfe_project.list_of_new_projects"
          ]
        }
      ]
    },
    {
      "module": "module.workspace_and_variables[\"example/storage\"]",
      "mode": "data",
      "type": "tfe_project",
      "name": "project",
      "provider": "provider[\"registry.terraform.io/hashicorp/tfe\"]",
      "instances": [
        {
          "schema_version": 0,
          "attributes": {
            "auto_destroy_activity_duration": null,
            "description": "Created by Terrafrom Migrate from the Github Repository: ",
            "effective_tags": {},
            "id": "prj-KXJdnsGSuUA9vkoA",
            "name": "example_storage",
            "organization": "bikash-mainali",
            "workspace_ids": [
              "ws-RLGMbffrrf3VFGiz"
            ],
            "workspace_names": [
              "example_storage_default"
            ]
          },
          "sensitive_attributes": [],
          "identity_schema_version": 0
        }
      ]
    },
    {
      "module": "module.workspace_and_variables[\"example/storage\"]",
      "mode": "managed",
      "type": "tfe_variable",
      "name": "variables",
      "provider": "provider[\"registry.terraform.io/hashicorp/tfe\"]",
      "instances": [
        {
          "index_key": "example_storage_default.string_count",
          "schema_version": 1,
          "attributes": {
            "category": "terraform",
            "description": "Number of strings to create",
            "hcl": false,
            "id": "var-nbjp3hg1gSYqePsX",
            "key": "string_count",
            "readable_value": "3",
            "sensitive": false,
            "value": "3",
            "value_wo": null,
            "variable_set_id": null,
            "workspace_id": "ws-RLGMbffrrf3VFGiz"
          },
          "sensitive_attributes": [
            [
              {
                "type": "get_attr",
                "value": "value"
              }
            ],
            [
              {
                "type": "get_attr",
                "value": "value_wo"
              }
            ]
          ],
          "identity_schema_version": 0,
          "identity": {
            "configurable_id": "ws-RLGMbffrrf3VFGiz",
            "hostname": "app.terraform.io",
            "id": "var-nbjp3hg1gSYqePsX"
          },
          "dependencies": [
            "module.workspace_and_variables.data.tfe_project.project",
            "module.workspace_and_variables.tfe_workspace.workspaces",
            "tfe_project.list_of_new_projects"
          ]
        },
        {
          "index_key": "example_storage_default.string_length",
          "schema_version": 1,
          "attributes": {
            "category": "terraform",
            "description": "Length of each string",
            "hcl": false,
            "id": "var-4UuQx1TWcpC14Kfb",
            "key": "string_length",
            "readable_value": "32",
            "sensitive": false,
            "value": "32",
            "value_wo": null,
            "variable_set_id": null,
            "workspace_id": "ws-RLGMbffrrf3VFGiz"
          },
          "sensitive_attributes": [
            [
              {
                "type": "get_attr",
                "value": "value"
              }
            ],
            [
              {
                "type": "get_attr",
                "value": "value_wo"
              }
            ]
          ],
          "identity_schema_version": 0,
          "identity": {
            "configurable_id": "ws-RLGMbffrrf3VFGiz",
            "hostname": "app.terraform.io",
            "id": "var-4UuQx1TWcpC14Kfb"
          },
          "dependencies": [
            "module.workspace_and_variables.data.tfe_project.project",
            "module.workspace_and_variables.tfe_workspace.workspaces",
            "tfe_project.list_of_new_projects"
          ]
        }
      ]
    },
    {
      "module": "module.workspace_and_variables[\"example/storage\"]",
      "mode": "managed",
      "type": "tfe_workspace",
      "name": "workspaces",
      "provider": "provider[\"registry.terraform.io/hashicorp/tfe\"]",
      "instances": [
        {
          "index_key": "default",
          "schema_version": 1,
          "attributes": {
            "agent_pool_id": "",
            "allow_destroy_plan": true,
            "assessments_enabled": false,
            "auto_apply": false,
            "auto_apply_run_trigger": false,
            "auto_destroy_activity_duration": "",
            "auto_destroy_at": "",
            "description": "",
            "effective_tags": {},
            "execution_mode": "remote",
            "file_triggers_enabled": true,
            "force_delete": false,
            "global_remote_state": false,
            "html_url": "https://app.terraform.io/app/bikash-mainali/workspaces/example_storage_default",
            "hyok_enabled": false,
            "id": "ws-RLGMbffrrf3VFGiz",
            "ignore_additional_tag_names": null,
            "ignore_additional_tags": null,
            "inherits_project_auto_destroy": true,
            "name": "example_storage_default",
            "operations": true,
            "organization": "bikash-mainali",
            "project_id": "prj-KXJdnsGSuUA9vkoA",
            "queue_all_runs": false,
            "remote_state_consumer_ids": [],
            "resource_count": 3,
            "source_name": "Tf-Migrate",
            "source_url": "https://github.com/hashicorp/tf-migrate",
            "speculative_enabled": true,
            "ssh_key_id": "",
            "structured_run_output_enabled": true,
            "tag_names": [
              "example_storage"
            ],
            "tags": {},
            "terraform_version": "1.14.3",
            "trigger_patterns": [],
            "trigger_prefixes": [],
            "vcs_repo": [],
            "working_directory": ""
          },
          "sensitive_attributes": [],
          "identity_schema_version": 0,
          "identity": {
            "hostname": "app.terraform.io",
            "id": "ws-RLGMbffrrf3VFGiz"
          },
          "private": "eyJzY2hlbWFfdmVyc2lvbiI6IjEifQ==",
          "dependencies": [
            "module.workspace_and_variables.data.tfe_project.project",
            "tfe_project.list_of_new_projects"
          ]
        }
      ]
    },
    {
      "module": "module.workspace_and_variables[\"example/storage\"]",
      "mode": "managed",
      "type": "tfmigrate_state_migration",
      "name": "state-migration",
      "provider": "provider[\"registry.terraform.io/hashicorp/tfmigrate\"]",
      "instances": [
        {
          "index_key": "default",
          "schema_version": 0,
          "attributes": {
            "directory_path": "/Users/bikash/terraform/learn-terraform-migrate/example/storage",
            "local_workspace": "default",
            "org": "bikash-mainali",
            "tfc_workspace": "example_storage_default"
          },
          "sensitive_attributes": [],
          "identity_schema_version": 0,
          "dependencies": [
            "module.workspace_and_variables.data.tfe_project.project",
            "module.workspace_and_variables.tfe_workspace.workspaces",
            "module.workspace_and_variables.tfmigrate_terraform_init.terraform_init",
            "tfe_project.list_of_new_projects"
          ]
        }
      ]
    },
    {
      "module": "module.workspace_and_variables[\"example/storage\"]",
      "mode": "managed",
      "type": "tfmigrate_terraform_init",
      "name": "terraform_init",
      "provider": "provider[\"registry.terraform.io/hashicorp/tfmigrate\"]",
      "instances": [
        {
          "schema_version": 0,
          "attributes": {
            "directory_path": "/Users/bikash/terraform/learn-terraform-migrate/example/storage",
            "summary": "Terraform Init Completed."
          },
          "sensitive_attributes": [],
          "identity_schema_version": 0,
          "dependencies": [
            "module.workspace_and_variables.data.tfe_project.project",
            "module.workspace_and_variables.tfe_workspace.workspaces",
            "tfe_project.list_of_new_projects"
          ]
        }
      ]
    },
    {
      "module": "module.workspace_and_variables[\"example/storage\"]",
      "mode": "managed",
      "type": "tfmigrate_update_backend",
      "name": "update-backend",
      "provider": "provider[\"registry.terraform.io/hashicorp/tfmigrate\"]",
      "instances": [
        {
          "schema_version": 0,
          "attributes": {
            "backend_file_name": "main.tf",
            "directory_path": "/Users/bikash/terraform/learn-terraform-migrate/example/storage",
            "org": "bikash-mainali",
            "project": "example_storage",
            "tags": [
              "example_storage"
            ],
            "workspace_map": {
              "default": "example_storage_default"
            }
          },
          "sensitive_attributes": [],
          "identity_schema_version": 0,
          "dependencies": [
            "module.workspace_and_variables.data.tfe_project.project",
            "module.workspace_and_variables.tfe_workspace.workspaces",
            "module.workspace_and_variables.tfmigrate_state_migration.state-migration",
            "module.workspace_and_variables.tfmigrate_terraform_init.terraform_init",
            "tfe_project.list_of_new_projects"
          ]
        }
      ]
    }
  ],
  "check_results": null
}
